
Microsoft Visual Studio Solution File, Format Version 12.00
# Visual Studio Version 17
VisualStudioVersion = 17.11.35327.3
MinimumVisualStudioVersion = 10.0.40219.1
Project("{2150E333-8FDC-42A3-9474-1A3956D46DE8}") = "Task0", "Task0", "{0623AC95-A30A-49D6-8121-BDCD647F3E2B}"
EndProject
Project("{2150E333-8FDC-42A3-9474-1A3956D46DE8}") = "Task1", "Task1", "{701A510A-C8CF-451C-BF7E-DC9BC9525B39}"
EndProject
Project("{2150E333-8FDC-42A3-9474-1A3956D46DE8}") = "Task2", "Task2", "{B7F634D5-C0B4-4FE4-B6CF-D813965A9AE8}"
EndProject
Project("{2150E333-8FDC-42A3-9474-1A3956D46DE8}") = "Task3", "Task3", "{ECC8ABE0-0C0E-4828-AAAD-6B8D45406110}"
EndProject
Project("{2150E333-8FDC-42A3-9474-1A3956D46DE8}") = "Task4", "Task4", "{399006AD-1429-4A5B-8A43-24A4405B8BA5}"
EndProject
Project("{2150E333-8FDC-42A3-9474-1A3956D46DE8}") = "Task5", "Task5", "{7BE84915-08DC-4CDE-8457-C0B6080F8B31}"
EndProject
Project("{2150E333-8FDC-42A3-9474-1A3956D46DE8}") = "Task6", "Task6", "{74A7A3D0-0CCD-4B26-80CD-68502107B324}"
EndProject
Project("{2150E333-8FDC-42A3-9474-1A3956D46DE8}") = "Task7", "Task7", "{865B166E-1828-4F17-B37F-E928BC33C6D3}"
EndProject
Project("{9A19103F-16F7-4668-BE54-9A1E7A4F7556}") = "Tyuiu.AkhmetovRR.Sprint5.Task1.V25", "Tyuiu.AkhmetovRR.Sprint5.Task1.V25\Tyuiu.AkhmetovRR.Sprint5.Task1.V25.csproj", "{CD774806-6C09-4E31-A2E5-1F297B02AC40}"
EndProject
Project("{9A19103F-16F7-4668-BE54-9A1E7A4F7556}") = "Tyuiu.AkhmetovRR.Sprint5.Task1.V25.Lib", "Tyuiu.AkhmetovRR.Sprint5.Task1.V25.Lib\Tyuiu.AkhmetovRR.Sprint5.Task1.V25.Lib.csproj", "{E6917DC7-D949-42AB-9975-C0D74551D890}"
EndProject
Project("{9A19103F-16F7-4668-BE54-9A1E7A4F7556}") = "Tyuiu.AkhmetovRR.Sprint5.Task1.V25.Test", "Tyuiu.AkhmetovRR.Sprint5.Task1.V25.Test\Tyuiu.AkhmetovRR.Sprint5.Task1.V25.Test.csproj", "{DE522A56-294A-4F4A-AC8C-EE41154063D4}"
EndProject
Project("{9A19103F-16F7-4668-BE54-9A1E7A4F7556}") = "Tyuiu.AkhmetovRR.Sprint5.Task5.V14", "Tyuiu.AkhmetovRR.Sprint5.Task5.V14\Tyuiu.AkhmetovRR.Sprint5.Task5.V14.csproj", "{371BC507-C2B8-4FE5-951E-08CD453AEDC3}"
EndProject
Project("{9A19103F-16F7-4668-BE54-9A1E7A4F7556}") = "Tyuiu.AkhmetovRR.Sprint5.Task5.V14.Lib", "Tyuiu.AkhmetovRR.Sprint5.Task5.V14.Lib\Tyuiu.AkhmetovRR.Sprint5.Task5.V14.Lib.csproj", "{BFA0B888-C97E-4003-83F9-8CB6E57C44BD}"
EndProject
Project("{9A19103F-16F7-4668-BE54-9A1E7A4F7556}") = "Tyuiu.AkhmetovRR.Sprint5.Task5.V14.Test", "Tyuiu.AkhmetovRR.Sprint5.Task5.V14.Test\Tyuiu.AkhmetovRR.Sprint5.Task5.V14.Test.csproj", "{72B90584-1C9B-41C2-8590-914C87ACB873}"
EndProject
Project("{FAE04EC0-301F-11D3-BF4B-00C04F79EFBC}") = "Tyuiu.AkhmetovRR.Sprint5.Task3.V13", "Tyuiu.AkhmetovRR.Sprint5.Task3.V13\Tyuiu.AkhmetovRR.Sprint5.Task3.V13.csproj", "{0B3BE95B-8CC0-4CD2-8F3C-562A80127590}"
EndProject
Project("{FAE04EC0-301F-11D3-BF4B-00C04F79EFBC}") = "Tyuiu.AkhmetovRR.Sprint5.Task3.V13.Lib", "Tyuiu.AkhmetovRR.Sprint5.Task3.V13.Lib\Tyuiu.AkhmetovRR.Sprint5.Task3.V13.Lib.csproj", "{44B849E7-E2FE-4F1B-A82C-DC70E578BB13}"
EndProject
Project("{FAE04EC0-301F-11D3-BF4B-00C04F79EFBC}") = "Tyuiu.AkhmetovRR.Sprint5.Task3.V13.Test", "Tyuiu.AkhmetovRR.Sprint5.Task3.V13.Test\Tyuiu.AkhmetovRR.Sprint5.Task3.V13.Test.csproj", "{8416889B-B06F-4A3B-9179-CF47546473F1}"
EndProject
Project("{FAE04EC0-301F-11D3-BF4B-00C04F79EFBC}") = "Tyuiu.AkhmetovRR.Sprint5.Task4.V3", "Tyuiu.AkhmetovRR.Sprint5.Task4.V3\Tyuiu.AkhmetovRR.Sprint5.Task4.V3.csproj", "{495171DE-39BB-4BAA-9A90-F921F627E86C}"
EndProject
Project("{FAE04EC0-301F-11D3-BF4B-00C04F79EFBC}") = "Tyuiu.AkhmetovRR.Sprint5.Task4.V3.Lib", "Tyuiu.AkhmetovRR.Sprint5.Task4.V3.Lib\Tyuiu.AkhmetovRR.Sprint5.Task4.V3.Lib.csproj", "{48E77E4B-E867-4887-AF1C-17CE3A374BDD}"
EndProject
Project("{FAE04EC0-301F-11D3-BF4B-00C04F79EFBC}") = "Tyuiu.AkhmetovRR.Sprint5.Task4.V3.Test", "Tyuiu.AkhmetovRR.Sprint5.Task4.V3.Test\Tyuiu.AkhmetovRR.Sprint5.Task4.V3.Test.csproj", "{2EA347E6-A760-438F-9F4C-DC6009854E9F}"
EndProject
Project("{FAE04EC0-301F-11D3-BF4B-00C04F79EFBC}") = "Tyuiu.AkhmetovRR.Sprint5.Task6.V22", "Tyuiu.AkhmetovRR.Sprint5.Task6.V22\Tyuiu.AkhmetovRR.Sprint5.Task6.V22.csproj", "{34D7F8E9-A0F8-49CE-8FFD-AC50CA1A6D08}"
EndProject
Project("{FAE04EC0-301F-11D3-BF4B-00C04F79EFBC}") = "Tyuiu.AkhmetovRR.Sprint5.Task6.V22.Lib", "Tyuiu.AkhmetovRR.Sprint5.Task6.V22.Lib\Tyuiu.AkhmetovRR.Sprint5.Task6.V22.Lib.csproj", "{D9AA4BD5-0A65-4F9B-AAD7-C5953767BB8D}"
EndProject
Project("{FAE04EC0-301F-11D3-BF4B-00C04F79EFBC}") = "Tyuiu.AkhmetovRR.Sprint5.Task6.V22.Test", "Tyuiu.AkhmetovRR.Sprint5.Task6.V22.Test\Tyuiu.AkhmetovRR.Sprint5.Task6.V22.Test.csproj", "{BACC67A3-C9B7-459E-9E55-0B2B90D21119}"
EndProject
Project("{FAE04EC0-301F-11D3-BF4B-00C04F79EFBC}") = "Tyuiu.AkhmetovRR.Sprint5.Task7.V18", "Tyuiu.AkhmetovRR.Sprint5.Task7.V18\Tyuiu.AkhmetovRR.Sprint5.Task7.V18.csproj", "{6095D3B2-AB6F-488D-B54D-64C716BF6029}"
EndProject
Project("{FAE04EC0-301F-11D3-BF4B-00C04F79EFBC}") = "Tyuiu.AkhmetovRR.Sprint5.Task7.V18.Lib", "Tyuiu.AkhmetovRR.Sprint5.Task7.V18.Lib\Tyuiu.AkhmetovRR.Sprint5.Task7.V18.Lib.csproj", "{2541763C-7C51-48CB-B1CE-4385DF7142E7}"
EndProject
Project("{FAE04EC0-301F-11D3-BF4B-00C04F79EFBC}") = "Tyuiu.AkhmetovRR.Sprint5.Task7.V18.Test", "Tyuiu.AkhmetovRR.Sprint5.Task7.V18.Test\Tyuiu.AkhmetovRR.Sprint5.Task7.V18.Test.csproj", "{BABF0D15-D600-4893-A747-91FE0745879A}"
EndProject
Project("{FAE04EC0-301F-11D3-BF4B-00C04F79EFBC}") = "Tyuiu.AkhmetovRR.Sprint5.Task0.V22", "Tyuiu.AkhmetovRR.Sprint5.Task0.V22\Tyuiu.AkhmetovRR.Sprint5.Task0.V22.csproj", "{DF8573E2-84B4-42E3-A03B-C13CB60AFDF6}"
EndProject
Project("{FAE04EC0-301F-11D3-BF4B-00C04F79EFBC}") = "Tyuiu.AkhmetovRR.Sprint5.Task0.V22.Lib", "Tyuiu.AkhmetovRR.Sprint5.Task0.V22.Lib\Tyuiu.AkhmetovRR.Sprint5.Task0.V22.Lib.csproj", "{9F355002-454A-42EA-966C-760A673B24FD}"
EndProject
Project("{FAE04EC0-301F-11D3-BF4B-00C04F79EFBC}") = "Tyuiu.AkhmetovRR.Sprint5.Task0.V22.Test", "Tyuiu.AkhmetovRR.Sprint5.Task0.V22.Test\Tyuiu.AkhmetovRR.Sprint5.Task0.V22.Test.csproj", "{A0F1DF8C-E627-4FB2-83F0-2FD79A434FF5}"
EndProject
Project("{FAE04EC0-301F-11D3-BF4B-00C04F79EFBC}") = "Tyuiu.AkhmetovRR.Sprint5.Task2.V25", "Tyuiu.AkhmetovRR.Sprint5.Task2.V25\Tyuiu.AkhmetovRR.Sprint5.Task2.V25.csproj", "{A5935FE5-EBC4-4C34-82AA-07F46D03F205}"
EndProject
Project("{FAE04EC0-301F-11D3-BF4B-00C04F79EFBC}") = "Tyuiu.AkhmetovRR.Sprint5.Task2.V25.Lib", "Tyuiu.AkhmetovRR.Sprint5.Task2.V25.Lib\Tyuiu.AkhmetovRR.Sprint5.Task2.V25.Lib.csproj", "{8FD0475B-DB22-4DB2-B6EC-F196B5FAE377}"
EndProject
Project("{FAE04EC0-301F-11D3-BF4B-00C04F79EFBC}") = "Tyuiu.AkhmetovRR.Sprint5.Task2.V25.Test", "Tyuiu.AkhmetovRR.Sprint5.Task2.V25.Test\Tyuiu.AkhmetovRR.Sprint5.Task2.V25.Test.csproj", "{2F938E54-4161-443E-90BD-BD19190CA135}"
EndProject
Global
	GlobalSection(SolutionConfigurationPlatforms) = preSolution
		Debug|Any CPU = Debug|Any CPU
		Release|Any CPU = Release|Any CPU
	EndGlobalSection
	GlobalSection(ProjectConfigurationPlatforms) = postSolution
		{CD774806-6C09-4E31-A2E5-1F297B02AC40}.Debug|Any CPU.ActiveCfg = Debug|Any CPU
		{CD774806-6C09-4E31-A2E5-1F297B02AC40}.Debug|Any CPU.Build.0 = Debug|Any CPU
		{CD774806-6C09-4E31-A2E5-1F297B02AC40}.Release|Any CPU.ActiveCfg = Release|Any CPU
		{CD774806-6C09-4E31-A2E5-1F297B02AC40}.Release|Any CPU.Build.0 = Release|Any CPU
		{E6917DC7-D949-42AB-9975-C0D74551D890}.Debug|Any CPU.ActiveCfg = Debug|Any CPU
		{E6917DC7-D949-42AB-9975-C0D74551D890}.Debug|Any CPU.Build.0 = Debug|Any CPU
		{E6917DC7-D949-42AB-9975-C0D74551D890}.Release|Any CPU.ActiveCfg = Release|Any CPU
		{E6917DC7-D949-42AB-9975-C0D74551D890}.Release|Any CPU.Build.0 = Release|Any CPU
		{DE522A56-294A-4F4A-AC8C-EE41154063D4}.Debug|Any CPU.ActiveCfg = Debug|Any CPU
		{DE522A56-294A-4F4A-AC8C-EE41154063D4}.Debug|Any CPU.Build.0 = Debug|Any CPU
		{DE522A56-294A-4F4A-AC8C-EE41154063D4}.Release|Any CPU.ActiveCfg = Release|Any CPU
		{DE522A56-294A-4F4A-AC8C-EE41154063D4}.Release|Any CPU.Build.0 = Release|Any CPU
		{371BC507-C2B8-4FE5-951E-08CD453AEDC3}.Debug|Any CPU.ActiveCfg = Debug|Any CPU
		{371BC507-C2B8-4FE5-951E-08CD453AEDC3}.Debug|Any CPU.Build.0 = Debug|Any CPU
		{371BC507-C2B8-4FE5-951E-08CD453AEDC3}.Release|Any CPU.ActiveCfg = Release|Any CPU
		{371BC507-C2B8-4FE5-951E-08CD453AEDC3}.Release|Any CPU.Build.0 = Release|Any CPU
		{BFA0B888-C97E-4003-83F9-8CB6E57C44BD}.Debug|Any CPU.ActiveCfg = Debug|Any CPU
		{BFA0B888-C97E-4003-83F9-8CB6E57C44BD}.Debug|Any CPU.Build.0 = Debug|Any CPU
		{BFA0B888-C97E-4003-83F9-8CB6E57C44BD}.Release|Any CPU.ActiveCfg = Release|Any CPU
		{BFA0B888-C97E-4003-83F9-8CB6E57C44BD}.Release|Any CPU.Build.0 = Release|Any CPU
		{72B90584-1C9B-41C2-8590-914C87ACB873}.Debug|Any CPU.ActiveCfg = Debug|Any CPU
		{72B90584-1C9B-41C2-8590-914C87ACB873}.Debug|Any CPU.Build.0 = Debug|Any CPU
		{72B90584-1C9B-41C2-8590-914C87ACB873}.Release|Any CPU.ActiveCfg = Release|Any CPU
		{72B90584-1C9B-41C2-8590-914C87ACB873}.Release|Any CPU.Build.0 = Release|Any CPU
		{0B3BE95B-8CC0-4CD2-8F3C-562A80127590}.Debug|Any CPU.ActiveCfg = Debug|Any CPU
		{0B3BE95B-8CC0-4CD2-8F3C-562A80127590}.Debug|Any CPU.Build.0 = Debug|Any CPU
		{0B3BE95B-8CC0-4CD2-8F3C-562A80127590}.Release|Any CPU.ActiveCfg = Release|Any CPU
		{0B3BE95B-8CC0-4CD2-8F3C-562A80127590}.Release|Any CPU.Build.0 = Release|Any CPU
		{44B849E7-E2FE-4F1B-A82C-DC70E578BB13}.Debug|Any CPU.ActiveCfg = Debug|Any CPU
		{44B849E7-E2FE-4F1B-A82C-DC70E578BB13}.Debug|Any CPU.Build.0 = Debug|Any CPU
		{44B849E7-E2FE-4F1B-A82C-DC70E578BB13}.Release|Any CPU.ActiveCfg = Release|Any CPU
		{44B849E7-E2FE-4F1B-A82C-DC70E578BB13}.Release|Any CPU.Build.0 = Release|Any CPU
		{8416889B-B06F-4A3B-9179-CF47546473F1}.Debug|Any CPU.ActiveCfg = Debug|Any CPU
		{8416889B-B06F-4A3B-9179-CF47546473F1}.Debug|Any CPU.Build.0 = Debug|Any CPU
		{8416889B-B06F-4A3B-9179-CF47546473F1}.Release|Any CPU.ActiveCfg = Release|Any CPU
		{8416889B-B06F-4A3B-9179-CF47546473F1}.Release|Any CPU.Build.0 = Release|Any CPU
		{495171DE-39BB-4BAA-9A90-F921F627E86C}.Debug|Any CPU.ActiveCfg = Debug|Any CPU
		{495171DE-39BB-4BAA-9A90-F921F627E86C}.Debug|Any CPU.Build.0 = Debug|Any CPU
		{495171DE-39BB-4BAA-9A90-F921F627E86C}.Release|Any CPU.ActiveCfg = Release|Any CPU
		{495171DE-39BB-4BAA-9A90-F921F627E86C}.Release|Any CPU.Build.0 = Release|Any CPU
		{48E77E4B-E867-4887-AF1C-17CE3A374BDD}.Debug|Any CPU.ActiveCfg = Debug|Any CPU
		{48E77E4B-E867-4887-AF1C-17CE3A374BDD}.Debug|Any CPU.Build.0 = Debug|Any CPU
		{48E77E4B-E867-4887-AF1C-17CE3A374BDD}.Release|Any CPU.ActiveCfg = Release|Any CPU
		{48E77E4B-E867-4887-AF1C-17CE3A374BDD}.Release|Any CPU.Build.0 = Release|Any CPU
		{2EA347E6-A760-438F-9F4C-DC6009854E9F}.Debug|Any CPU.ActiveCfg = Debug|Any CPU
		{2EA347E6-A760-438F-9F4C-DC6009854E9F}.Debug|Any CPU.Build.0 = Debug|Any CPU
		{2EA347E6-A760-438F-9F4C-DC6009854E9F}.Release|Any CPU.ActiveCfg = Release|Any CPU
		{2EA347E6-A760-438F-9F4C-DC6009854E9F}.Release|Any CPU.Build.0 = Release|Any CPU
		{34D7F8E9-A0F8-49CE-8FFD-AC50CA1A6D08}.Debug|Any CPU.ActiveCfg = Debug|Any CPU
		{34D7F8E9-A0F8-49CE-8FFD-AC50CA1A6D08}.Debug|Any CPU.Build.0 = Debug|Any CPU
		{34D7F8E9-A0F8-49CE-8FFD-AC50CA1A6D08}.Release|Any CPU.ActiveCfg = Release|Any CPU
		{34D7F8E9-A0F8-49CE-8FFD-AC50CA1A6D08}.Release|Any CPU.Build.0 = Release|Any CPU
		{D9AA4BD5-0A65-4F9B-AAD7-C5953767BB8D}.Debug|Any CPU.ActiveCfg = Debug|Any CPU
		{D9AA4BD5-0A65-4F9B-AAD7-C5953767BB8D}.Debug|Any CPU.Build.0 = Debug|Any CPU
		{D9AA4BD5-0A65-4F9B-AAD7-C5953767BB8D}.Release|Any CPU.ActiveCfg = Release|Any CPU
		{D9AA4BD5-0A65-4F9B-AAD7-C5953767BB8D}.Release|Any CPU.Build.0 = Release|Any CPU
		{BACC67A3-C9B7-459E-9E55-0B2B90D21119}.Debug|Any CPU.ActiveCfg = Debug|Any CPU
		{BACC67A3-C9B7-459E-9E55-0B2B90D21119}.Debug|Any CPU.Build.0 = Debug|Any CPU
		{BACC67A3-C9B7-459E-9E55-0B2B90D21119}.Release|Any CPU.ActiveCfg = Release|Any CPU
		{BACC67A3-C9B7-459E-9E55-0B2B90D21119}.Release|Any CPU.Build.0 = Release|Any CPU
		{6095D3B2-AB6F-488D-B54D-64C716BF6029}.Debug|Any CPU.ActiveCfg = Debug|Any CPU
		{6095D3B2-AB6F-488D-B54D-64C716BF6029}.Debug|Any CPU.Build.0 = Debug|Any CPU
		{6095D3B2-AB6F-488D-B54D-64C716BF6029}.Release|Any CPU.ActiveCfg = Release|Any CPU
		{6095D3B2-AB6F-488D-B54D-64C716BF6029}.Release|Any CPU.Build.0 = Release|Any CPU
		{2541763C-7C51-48CB-B1CE-4385DF7142E7}.Debug|Any CPU.ActiveCfg = Debug|Any CPU
		{2541763C-7C51-48CB-B1CE-4385DF7142E7}.Debug|Any CPU.Build.0 = Debug|Any CPU
		{2541763C-7C51-48CB-B1CE-4385DF7142E7}.Release|Any CPU.ActiveCfg = Release|Any CPU
		{2541763C-7C51-48CB-B1CE-4385DF7142E7}.Release|Any CPU.Build.0 = Release|Any CPU
		{BABF0D15-D600-4893-A747-91FE0745879A}.Debug|Any CPU.ActiveCfg = Debug|Any CPU
		{BABF0D15-D600-4893-A747-91FE0745879A}.Debug|Any CPU.Build.0 = Debug|Any CPU
		{BABF0D15-D600-4893-A747-91FE0745879A}.Release|Any CPU.ActiveCfg = Release|Any CPU
		{BABF0D15-D600-4893-A747-91FE0745879A}.Release|Any CPU.Build.0 = Release|Any CPU
		{DF8573E2-84B4-42E3-A03B-C13CB60AFDF6}.Debug|Any CPU.ActiveCfg = Debug|Any CPU
		{DF8573E2-84B4-42E3-A03B-C13CB60AFDF6}.Debug|Any CPU.Build.0 = Debug|Any CPU
		{DF8573E2-84B4-42E3-A03B-C13CB60AFDF6}.Release|Any CPU.ActiveCfg = Release|Any CPU
		{DF8573E2-84B4-42E3-A03B-C13CB60AFDF6}.Release|Any CPU.Build.0 = Release|Any CPU
		{9F355002-454A-42EA-966C-760A673B24FD}.Debug|Any CPU.ActiveCfg = Debug|Any CPU
		{9F355002-454A-42EA-966C-760A673B24FD}.Debug|Any CPU.Build.0 = Debug|Any CPU
		{9F355002-454A-42EA-966C-760A673B24FD}.Release|Any CPU.ActiveCfg = Release|Any CPU
		{9F355002-454A-42EA-966C-760A673B24FD}.Release|Any CPU.Build.0 = Release|Any CPU
		{A0F1DF8C-E627-4FB2-83F0-2FD79A434FF5}.Debug|Any CPU.ActiveCfg = Debug|Any CPU
		{A0F1DF8C-E627-4FB2-83F0-2FD79A434FF5}.Debug|Any CPU.Build.0 = Debug|Any CPU
		{A0F1DF8C-E627-4FB2-83F0-2FD79A434FF5}.Release|Any CPU.ActiveCfg = Release|Any CPU
		{A0F1DF8C-E627-4FB2-83F0-2FD79A434FF5}.Release|Any CPU.Build.0 = Release|Any CPU
		{A5935FE5-EBC4-4C34-82AA-07F46D03F205}.Debug|Any CPU.ActiveCfg = Debug|Any CPU
		{A5935FE5-EBC4-4C34-82AA-07F46D03F205}.Debug|Any CPU.Build.0 = Debug|Any CPU
		{A5935FE5-EBC4-4C34-82AA-07F46D03F205}.Release|Any CPU.ActiveCfg = Release|Any CPU
		{A5935FE5-EBC4-4C34-82AA-07F46D03F205}.Release|Any CPU.Build.0 = Release|Any CPU
		{8FD0475B-DB22-4DB2-B6EC-F196B5FAE377}.Debug|Any CPU.ActiveCfg = Debug|Any CPU
		{8FD0475B-DB22-4DB2-B6EC-F196B5FAE377}.Debug|Any CPU.Build.0 = Debug|Any CPU
		{8FD0475B-DB22-4DB2-B6EC-F196B5FAE377}.Release|Any CPU.ActiveCfg = Release|Any CPU
		{8FD0475B-DB22-4DB2-B6EC-F196B5FAE377}.Release|Any CPU.Build.0 = Release|Any CPU
		{2F938E54-4161-443E-90BD-BD19190CA135}.Debug|Any CPU.ActiveCfg = Debug|Any CPU
		{2F938E54-4161-443E-90BD-BD19190CA135}.Debug|Any CPU.Build.0 = Debug|Any CPU
		{2F938E54-4161-443E-90BD-BD19190CA135}.Release|Any CPU.ActiveCfg = Release|Any CPU
		{2F938E54-4161-443E-90BD-BD19190CA135}.Release|Any CPU.Build.0 = Release|Any CPU
	EndGlobalSection
	GlobalSection(SolutionProperties) = preSolution
		HideSolutionNode = FALSE
	EndGlobalSection
	GlobalSection(NestedProjects) = preSolution
		{CD774806-6C09-4E31-A2E5-1F297B02AC40} = {701A510A-C8CF-451C-BF7E-DC9BC9525B39}
		{E6917DC7-D949-42AB-9975-C0D74551D890} = {701A510A-C8CF-451C-BF7E-DC9BC9525B39}
		{DE522A56-294A-4F4A-AC8C-EE41154063D4} = {701A510A-C8CF-451C-BF7E-DC9BC9525B39}
		{371BC507-C2B8-4FE5-951E-08CD453AEDC3} = {7BE84915-08DC-4CDE-8457-C0B6080F8B31}
		{BFA0B888-C97E-4003-83F9-8CB6E57C44BD} = {7BE84915-08DC-4CDE-8457-C0B6080F8B31}
		{72B90584-1C9B-41C2-8590-914C87ACB873} = {7BE84915-08DC-4CDE-8457-C0B6080F8B31}
		{0B3BE95B-8CC0-4CD2-8F3C-562A80127590} = {ECC8ABE0-0C0E-4828-AAAD-6B8D45406110}
		{44B849E7-E2FE-4F1B-A82C-DC70E578BB13} = {ECC8ABE0-0C0E-4828-AAAD-6B8D45406110}
		{8416889B-B06F-4A3B-9179-CF47546473F1} = {ECC8ABE0-0C0E-4828-AAAD-6B8D45406110}
		{495171DE-39BB-4BAA-9A90-F921F627E86C} = {399006AD-1429-4A5B-8A43-24A4405B8BA5}
		{48E77E4B-E867-4887-AF1C-17CE3A374BDD} = {399006AD-1429-4A5B-8A43-24A4405B8BA5}
		{2EA347E6-A760-438F-9F4C-DC6009854E9F} = {399006AD-1429-4A5B-8A43-24A4405B8BA5}
		{34D7F8E9-A0F8-49CE-8FFD-AC50CA1A6D08} = {74A7A3D0-0CCD-4B26-80CD-68502107B324}
		{D9AA4BD5-0A65-4F9B-AAD7-C5953767BB8D} = {74A7A3D0-0CCD-4B26-80CD-68502107B324}
		{BACC67A3-C9B7-459E-9E55-0B2B90D21119} = {74A7A3D0-0CCD-4B26-80CD-68502107B324}
		{6095D3B2-AB6F-488D-B54D-64C716BF6029} = {865B166E-1828-4F17-B37F-E928BC33C6D3}
		{2541763C-7C51-48CB-B1CE-4385DF7142E7} = {865B166E-1828-4F17-B37F-E928BC33C6D3}
		{BABF0D15-D600-4893-A747-91FE0745879A} = {865B166E-1828-4F17-B37F-E928BC33C6D3}
		{DF8573E2-84B4-42E3-A03B-C13CB60AFDF6} = {0623AC95-A30A-49D6-8121-BDCD647F3E2B}
		{9F355002-454A-42EA-966C-760A673B24FD} = {0623AC95-A30A-49D6-8121-BDCD647F3E2B}
		{A0F1DF8C-E627-4FB2-83F0-2FD79A434FF5} = {0623AC95-A30A-49D6-8121-BDCD647F3E2B}
		{A5935FE5-EBC4-4C34-82AA-07F46D03F205} = {B7F634D5-C0B4-4FE4-B6CF-D813965A9AE8}
		{8FD0475B-DB22-4DB2-B6EC-F196B5FAE377} = {B7F634D5-C0B4-4FE4-B6CF-D813965A9AE8}
		{2F938E54-4161-443E-90BD-BD19190CA135} = {B7F634D5-C0B4-4FE4-B6CF-D813965A9AE8}
	EndGlobalSection
	GlobalSection(ExtensibilityGlobals) = postSolution
		SolutionGuid = {E3C17F04-E45B-459D-B1DE-AAE8613D1239}
	EndGlobalSection
EndGlobal
